{
  "name": "vue-router-simple-auth",
  "version": "1.1.4",
  "lockfileVersion": 1,
  "requires": true,
  "dependencies": {
    "jwtiny": {
      "version": "1.0.2",
      "resolved": "https://registry.npmjs.org/jwtiny/-/jwtiny-1.0.2.tgz",
      "integrity": "sha512-9zmzGJIDlITKJpa5pWldFGGcwG8tBMkNUOt/03knIRNPneMKpdb40JCFABownXwySqVYPKsFGjKF7+O5NnT2GQ=="
    }
  }
}
